
Microsoft Visual Studio Solution File, Format Version 12.00
# Visual Studio Version 16
VisualStudioVersion = 16.0.29306.81
MinimumVisualStudioVersion = 10.0.40219.1
Project("{FAE04EC0-301F-11D3-BF4B-00C04F79EFBC}") = "Zork.Common", "Zork.Common\Zork.Common.csproj", "{30EF991D-19F8-4833-99A7-4A9852B270CE}"
EndProject
Project("{FAE04EC0-301F-11D3-BF4B-00C04F79EFBC}") = "Zork.Builder", "Zork.Builder\Zork.Builder.csproj", "{882495A6-0893-4F09-95E8-DD583C44F073}"
EndProject
Project("{FAE04EC0-301F-11D3-BF4B-00C04F79EFBC}") = "Zork.Game", "Zork.Game\Zork.Game.csproj", "{F13F8A2F-58FC-4E49-A8E4-72B9702E7AA5}"
EndProject
Global
	GlobalSection(SolutionConfigurationPlatforms) = preSolution
		Debug|Any CPU = Debug|Any CPU
		Release|Any CPU = Release|Any CPU
	EndGlobalSection
	GlobalSection(ProjectConfigurationPlatforms) = postSolution
		{30EF991D-19F8-4833-99A7-4A9852B270CE}.Debug|Any CPU.ActiveCfg = Debug|Any CPU
		{30EF991D-19F8-4833-99A7-4A9852B270CE}.Debug|Any CPU.Build.0 = Debug|Any CPU
		{30EF991D-19F8-4833-99A7-4A9852B270CE}.Release|Any CPU.ActiveCfg = Release|Any CPU
		{30EF991D-19F8-4833-99A7-4A9852B270CE}.Release|Any CPU.Build.0 = Release|Any CPU
		{882495A6-0893-4F09-95E8-DD583C44F073}.Debug|Any CPU.ActiveCfg = Debug|Any CPU
		{882495A6-0893-4F09-95E8-DD583C44F073}.Debug|Any CPU.Build.0 = Debug|Any CPU
		{882495A6-0893-4F09-95E8-DD583C44F073}.Release|Any CPU.ActiveCfg = Release|Any CPU
		{882495A6-0893-4F09-95E8-DD583C44F073}.Release|Any CPU.Build.0 = Release|Any CPU
		{F13F8A2F-58FC-4E49-A8E4-72B9702E7AA5}.Debug|Any CPU.ActiveCfg = Debug|Any CPU
		{F13F8A2F-58FC-4E49-A8E4-72B9702E7AA5}.Debug|Any CPU.Build.0 = Debug|Any CPU
		{F13F8A2F-58FC-4E49-A8E4-72B9702E7AA5}.Release|Any CPU.ActiveCfg = Release|Any CPU
		{F13F8A2F-58FC-4E49-A8E4-72B9702E7AA5}.Release|Any CPU.Build.0 = Release|Any CPU
	EndGlobalSection
	GlobalSection(SolutionProperties) = preSolution
		HideSolutionNode = FALSE
	EndGlobalSection
	GlobalSection(ExtensibilityGlobals) = postSolution
		SolutionGuid = {4B6FEE73-239D-4B4A-95EE-8FBEEAED5261}
	EndGlobalSection
EndGlobal
